
Microsoft Visual Studio Solution File, Format Version 12.00
# Visual Studio Version 17
VisualStudioVersion = 17.8.34330.188
MinimumVisualStudioVersion = 10.0.40219.1
Project("{9A19103F-16F7-4668-BE54-9A1E7A4F7556}") = "Frm_Project", "Frm_Project\Frm_Project.csproj", "{0B06EBB0-5E66-4CF9-B889-DC19F035A10F}"
EndProject
Project("{2150E333-8FDC-42A3-9474-1A3956D46DE8}") = "DataAccess", "DataAccess", "{BE00E345-B172-43E8-9D18-FD0DD0F05413}"
EndProject
Project("{FAE04EC0-301F-11D3-BF4B-00C04F79EFBC}") = "DataProcess", "DataProcess\DataProcess.csproj", "{CC4ADD96-77FB-4744-BEA3-3156BC6341B9}"
EndProject
Global
	GlobalSection(SolutionConfigurationPlatforms) = preSolution
		Debug|Any CPU = Debug|Any CPU
		Release|Any CPU = Release|Any CPU
	EndGlobalSection
	GlobalSection(ProjectConfigurationPlatforms) = postSolution
		{0B06EBB0-5E66-4CF9-B889-DC19F035A10F}.Debug|Any CPU.ActiveCfg = Debug|Any CPU
		{0B06EBB0-5E66-4CF9-B889-DC19F035A10F}.Debug|Any CPU.Build.0 = Debug|Any CPU
		{0B06EBB0-5E66-4CF9-B889-DC19F035A10F}.Release|Any CPU.ActiveCfg = Release|Any CPU
		{0B06EBB0-5E66-4CF9-B889-DC19F035A10F}.Release|Any CPU.Build.0 = Release|Any CPU
		{CC4ADD96-77FB-4744-BEA3-3156BC6341B9}.Debug|Any CPU.ActiveCfg = Debug|Any CPU
		{CC4ADD96-77FB-4744-BEA3-3156BC6341B9}.Debug|Any CPU.Build.0 = Debug|Any CPU
		{CC4ADD96-77FB-4744-BEA3-3156BC6341B9}.Release|Any CPU.ActiveCfg = Release|Any CPU
		{CC4ADD96-77FB-4744-BEA3-3156BC6341B9}.Release|Any CPU.Build.0 = Release|Any CPU
	EndGlobalSection
	GlobalSection(SolutionProperties) = preSolution
		HideSolutionNode = FALSE
	EndGlobalSection
	GlobalSection(NestedProjects) = preSolution
		{CC4ADD96-77FB-4744-BEA3-3156BC6341B9} = {BE00E345-B172-43E8-9D18-FD0DD0F05413}
	EndGlobalSection
	GlobalSection(ExtensibilityGlobals) = postSolution
		SolutionGuid = {E9BE704B-A1CA-440A-9736-6F0CEE80562A}
	EndGlobalSection
EndGlobal
